// !$*UTF8*$!
{
	archiveVersion = 1;
	classes = {
	};
	objectVersion = 56;
	objects = {

/* Begin PBXBuildFile section */
		A74174F12CD9196C007DA925 /* AutocompleteControllerView.swift in Sources */ = {isa = PBXBuildFile; fileRef = A74174F02CD9196C007DA925 /* AutocompleteControllerView.swift */; };
		A74174F32CDCC9D0007DA925 /* SelectLocationView.swift in Sources */ = {isa = PBXBuildFile; fileRef = A74174F22CDCC9D0007DA925 /* SelectLocationView.swift */; };
		A74174F72CDE1F7B007DA925 /* LocationPickerView.swift in Sources */ = {isa = PBXBuildFile; fileRef = A74174F62CDE1F7B007DA925 /* LocationPickerView.swift */; };
		A74174FA2CE106C0007DA925 /* EditProfileView.swift in Sources */ = {isa = PBXBuildFile; fileRef = A74174F92CE106C0007DA925 /* EditProfileView.swift */; };
		A74174FC2CE1078C007DA925 /* MenuView.swift in Sources */ = {isa = PBXBuildFile; fileRef = A74174FB2CE1078C007DA925 /* MenuView.swift */; };
		A74175002CE10B4F007DA925 /* SampleData.swift in Sources */ = {isa = PBXBuildFile; fileRef = A74174FF2CE10B4F007DA925 /* SampleData.swift */; };
		A74175042CE2AA79007DA925 /* EditPostView.swift in Sources */ = {isa = PBXBuildFile; fileRef = A74175032CE2AA79007DA925 /* EditPostView.swift */; };
		A74175062CE36C16007DA925 /* PostFormView.swift in Sources */ = {isa = PBXBuildFile; fileRef = A74175052CE36C16007DA925 /* PostFormView.swift */; };
		A74175082CE36E37007DA925 /* MultipleSelectionRow.swift in Sources */ = {isa = PBXBuildFile; fileRef = A74175072CE36E37007DA925 /* MultipleSelectionRow.swift */; };
		A741750A2CE37E53007DA925 /* UsersViewModel.swift in Sources */ = {isa = PBXBuildFile; fileRef = A74175092CE37E53007DA925 /* UsersViewModel.swift */; };
		A741750C2CE384AC007DA925 /* ProfileHeaderView.swift in Sources */ = {isa = PBXBuildFile; fileRef = A741750B2CE384AC007DA925 /* ProfileHeaderView.swift */; };
		A741750E2CE384DE007DA925 /* AboutMeView.swift in Sources */ = {isa = PBXBuildFile; fileRef = A741750D2CE384DE007DA925 /* AboutMeView.swift */; };
		A74175142CE3851A007DA925 /* ReviewRow.swift in Sources */ = {isa = PBXBuildFile; fileRef = A74175132CE3851A007DA925 /* ReviewRow.swift */; };
		A74175162CE38534007DA925 /* PostsListView.swift in Sources */ = {isa = PBXBuildFile; fileRef = A74175152CE38534007DA925 /* PostsListView.swift */; };
		A741751C2CE4DDAB007DA925 /* Request.swift in Sources */ = {isa = PBXBuildFile; fileRef = A741751B2CE4DDAB007DA925 /* Request.swift */; };
		A741751E2CE4DF98007DA925 /* RequestStatus.swift in Sources */ = {isa = PBXBuildFile; fileRef = A741751D2CE4DF98007DA925 /* RequestStatus.swift */; };
		A74175202CE4E19E007DA925 /* RequestsViewModel.swift in Sources */ = {isa = PBXBuildFile; fileRef = A741751F2CE4E19E007DA925 /* RequestsViewModel.swift */; };
		A74175242CE4E791007DA925 /* RequestFormView.swift in Sources */ = {isa = PBXBuildFile; fileRef = A74175232CE4E791007DA925 /* RequestFormView.swift */; };
		A74175292CE4F5C9007DA925 /* RequestDetailsView.swift in Sources */ = {isa = PBXBuildFile; fileRef = A74175282CE4F5C9007DA925 /* RequestDetailsView.swift */; };
		A741752C2CE4FA42007DA925 /* AddRatingView.swift in Sources */ = {isa = PBXBuildFile; fileRef = A741752B2CE4FA42007DA925 /* AddRatingView.swift */; };
		A741752E2CE4FEE3007DA925 /* ReviewCard.swift in Sources */ = {isa = PBXBuildFile; fileRef = A741752D2CE4FEE3007DA925 /* ReviewCard.swift */; };
		A74175302CE4FFE4007DA925 /* ReviewsScrollView.swift in Sources */ = {isa = PBXBuildFile; fileRef = A741752F2CE4FFE4007DA925 /* ReviewsScrollView.swift */; };
		A74175322CE500E8007DA925 /* RatingView.swift in Sources */ = {isa = PBXBuildFile; fileRef = A74175312CE500E8007DA925 /* RatingView.swift */; };
		A741753C2CE5E92E007DA925 /* UserRepository.swift in Sources */ = {isa = PBXBuildFile; fileRef = A741753B2CE5E92E007DA925 /* UserRepository.swift */; };
		A741753E2CE5E947007DA925 /* RequestsRepository.swift in Sources */ = {isa = PBXBuildFile; fileRef = A741753D2CE5E947007DA925 /* RequestsRepository.swift */; };
		A74175432CE61886007DA925 /* Buttons.swift in Sources */ = {isa = PBXBuildFile; fileRef = A74175422CE61886007DA925 /* Buttons.swift */; };
		A74175472CE75439007DA925 /* InboxEnum.swift in Sources */ = {isa = PBXBuildFile; fileRef = A74175462CE75439007DA925 /* InboxEnum.swift */; };
		A74175492CE77AB0007DA925 /* ReviewerCardView.swift in Sources */ = {isa = PBXBuildFile; fileRef = A74175482CE77AB0007DA925 /* ReviewerCardView.swift */; };
		A741754B2CE78095007DA925 /* RequestListItemView.swift in Sources */ = {isa = PBXBuildFile; fileRef = A741754A2CE78095007DA925 /* RequestListItemView.swift */; };
		A741754F2CE7AFC3007DA925 /* CreatorCardView.swift in Sources */ = {isa = PBXBuildFile; fileRef = A741754E2CE7AFC3007DA925 /* CreatorCardView.swift */; };
		A74FE32A2CF4BA5B00517D3C /* BackgroundModifier.swift in Sources */ = {isa = PBXBuildFile; fileRef = A74FE3292CF4BA5B00517D3C /* BackgroundModifier.swift */; };
		A78AD7F12CD513A50074EB6E /* CustomTextEditorView.swift in Sources */ = {isa = PBXBuildFile; fileRef = A78AD7F02CD513A50074EB6E /* CustomTextEditorView.swift */; };
		A78AD7F72CD8DB910074EB6E /* AppDelegate.swift in Sources */ = {isa = PBXBuildFile; fileRef = A78AD7F62CD8DB910074EB6E /* AppDelegate.swift */; };
		A79850E72CFF5A2F00E9CB79 /* DateFormatter.swift in Sources */ = {isa = PBXBuildFile; fileRef = A79850E62CFF5A2F00E9CB79 /* DateFormatter.swift */; };
		A79945102CCFB02600F4AF89 /* GoGig.swift in Sources */ = {isa = PBXBuildFile; fileRef = A799450F2CCFB02600F4AF89 /* GoGig.swift */; };
		A79945122CCFB02600F4AF89 /* ContentView.swift in Sources */ = {isa = PBXBuildFile; fileRef = A79945112CCFB02600F4AF89 /* ContentView.swift */; };
		A79945192CCFB02800F4AF89 /* Preview Assets.xcassets in Resources */ = {isa = PBXBuildFile; fileRef = A79945182CCFB02800F4AF89 /* Preview Assets.xcassets */; };
		A799455F2CD0110500F4AF89 /* LoginView.swift in Sources */ = {isa = PBXBuildFile; fileRef = A799455E2CD0110500F4AF89 /* LoginView.swift */; };
		A79945612CD0110F00F4AF89 /* RegistrationView.swift in Sources */ = {isa = PBXBuildFile; fileRef = A79945602CD0110F00F4AF89 /* RegistrationView.swift */; };
		A79945652CD0116800F4AF89 /* HomeView.swift in Sources */ = {isa = PBXBuildFile; fileRef = A79945642CD0116800F4AF89 /* HomeView.swift */; };
		A79945672CD0119A00F4AF89 /* AddPostTabView.swift in Sources */ = {isa = PBXBuildFile; fileRef = A79945662CD0119A00F4AF89 /* AddPostTabView.swift */; };
		A799456B2CD011B100F4AF89 /* PostDetailsView.swift in Sources */ = {isa = PBXBuildFile; fileRef = A799456A2CD011B100F4AF89 /* PostDetailsView.swift */; };
		A79945752CD0125700F4AF89 /* UserDetailsView.swift in Sources */ = {isa = PBXBuildFile; fileRef = A79945742CD0125700F4AF89 /* UserDetailsView.swift */; };
		A79945792CD0128800F4AF89 /* ReviewsView.swift in Sources */ = {isa = PBXBuildFile; fileRef = A79945782CD0128800F4AF89 /* ReviewsView.swift */; };
		A799457B2CD0129100F4AF89 /* AddReviewView.swift in Sources */ = {isa = PBXBuildFile; fileRef = A799457A2CD0129100F4AF89 /* AddReviewView.swift */; };
		A799457D2CD012A200F4AF89 /* User.swift in Sources */ = {isa = PBXBuildFile; fileRef = A799457C2CD012A200F4AF89 /* User.swift */; };
		A799457F2CD012B600F4AF89 /* Post.swift in Sources */ = {isa = PBXBuildFile; fileRef = A799457E2CD012B600F4AF89 /* Post.swift */; };
		A79945812CD012C000F4AF89 /* Review.swift in Sources */ = {isa = PBXBuildFile; fileRef = A79945802CD012C000F4AF89 /* Review.swift */; };
		A79945832CD012CE00F4AF89 /* Chat.swift in Sources */ = {isa = PBXBuildFile; fileRef = A79945822CD012CE00F4AF89 /* Chat.swift */; };
		A79945852CD012D500F4AF89 /* Message.swift in Sources */ = {isa = PBXBuildFile; fileRef = A79945842CD012D500F4AF89 /* Message.swift */; };
		A79945872CD0145100F4AF89 /* PostTypeEnum.swift in Sources */ = {isa = PBXBuildFile; fileRef = A79945862CD0145100F4AF89 /* PostTypeEnum.swift */; };
		A79945892CD0150B00F4AF89 /* ExchangeCoinEnum.swift in Sources */ = {isa = PBXBuildFile; fileRef = A79945882CD0150B00F4AF89 /* ExchangeCoinEnum.swift */; };
		A799458B2CD0154100F4AF89 /* CategoriesEnum.swift in Sources */ = {isa = PBXBuildFile; fileRef = A799458A2CD0154100F4AF89 /* CategoriesEnum.swift */; };
		A799458D2CD0D78600F4AF89 /* AuthViewModel.swift in Sources */ = {isa = PBXBuildFile; fileRef = A799458C2CD0D78600F4AF89 /* AuthViewModel.swift */; };
		A799458F2CD0D7DF00F4AF89 /* FirebaseManager.swift in Sources */ = {isa = PBXBuildFile; fileRef = A799458E2CD0D7DF00F4AF89 /* FirebaseManager.swift */; };
		A79945912CD0DA0000F4AF89 /* SortOderEnum.swift in Sources */ = {isa = PBXBuildFile; fileRef = A79945902CD0DA0000F4AF89 /* SortOderEnum.swift */; };
		A79945952CD1017300F4AF89 /* LoginOrRegisterView.swift in Sources */ = {isa = PBXBuildFile; fileRef = A79945942CD1017300F4AF89 /* LoginOrRegisterView.swift */; };
		A79945992CD110ED00F4AF89 /* CustomTextFieldView.swift in Sources */ = {isa = PBXBuildFile; fileRef = A79945982CD110ED00F4AF89 /* CustomTextFieldView.swift */; };
		A799459B2CD1117E00F4AF89 /* CustomSecureFieldView.swift in Sources */ = {isa = PBXBuildFile; fileRef = A799459A2CD1117E00F4AF89 /* CustomSecureFieldView.swift */; };
		A799459D2CD1120B00F4AF89 /* ImagePickerView.swift in Sources */ = {isa = PBXBuildFile; fileRef = A799459C2CD1120B00F4AF89 /* ImagePickerView.swift */; };
		A799459F2CD11EC500F4AF89 /* SearchTabView.swift in Sources */ = {isa = PBXBuildFile; fileRef = A799459E2CD11EC500F4AF89 /* SearchTabView.swift */; };
		A79945A22CD11EE400F4AF89 /* BookmarksTabView.swift in Sources */ = {isa = PBXBuildFile; fileRef = A79945A12CD11EE400F4AF89 /* BookmarksTabView.swift */; };
		A79945A42CD11EF000F4AF89 /* InboxTabView.swift in Sources */ = {isa = PBXBuildFile; fileRef = A79945A32CD11EF000F4AF89 /* InboxTabView.swift */; };
		A79945A62CD11F0700F4AF89 /* PersonalTabView.swift in Sources */ = {isa = PBXBuildFile; fileRef = A79945A52CD11F0700F4AF89 /* PersonalTabView.swift */; };
		A79945A82CD11FA900F4AF89 /* HomeTabsEnum.swift in Sources */ = {isa = PBXBuildFile; fileRef = A79945A72CD11FA900F4AF89 /* HomeTabsEnum.swift */; };
		A79945AA2CD121E400F4AF89 /* PostItemView.swift in Sources */ = {isa = PBXBuildFile; fileRef = A79945A92CD121E400F4AF89 /* PostItemView.swift */; };
		A79945AC2CD1225200F4AF89 /* PostsViewModel.swift in Sources */ = {isa = PBXBuildFile; fileRef = A79945AB2CD1225200F4AF89 /* PostsViewModel.swift */; };
		A79945AF2CD123E700F4AF89 /* PostsRepository.swift in Sources */ = {isa = PBXBuildFile; fileRef = A79945AE2CD123E700F4AF89 /* PostsRepository.swift */; };
		A79945B12CD124A100F4AF89 /* DataErrorEnum.swift in Sources */ = {isa = PBXBuildFile; fileRef = A79945B02CD124A100F4AF89 /* DataErrorEnum.swift */; };
		A79945B52CD27A9800F4AF89 /* LoadingSpinnerView.swift in Sources */ = {isa = PBXBuildFile; fileRef = A79945B42CD27A9800F4AF89 /* LoadingSpinnerView.swift */; };
		A79945B72CD27C7300F4AF89 /* LoadingStateEnum.swift in Sources */ = {isa = PBXBuildFile; fileRef = A79945B62CD27C7300F4AF89 /* LoadingStateEnum.swift */; };
		A7A8B7792CF9DA0100A14226 /* FirebaseAnalytics in Frameworks */ = {isa = PBXBuildFile; productRef = A7A8B7782CF9DA0100A14226 /* FirebaseAnalytics */; };
		A7A8B77B2CF9DA0100A14226 /* FirebaseAnalyticsOnDeviceConversion in Frameworks */ = {isa = PBXBuildFile; productRef = A7A8B77A2CF9DA0100A14226 /* FirebaseAnalyticsOnDeviceConversion */; };
		A7A8B77D2CF9DA0100A14226 /* FirebaseAnalyticsWithoutAdIdSupport in Frameworks */ = {isa = PBXBuildFile; productRef = A7A8B77C2CF9DA0100A14226 /* FirebaseAnalyticsWithoutAdIdSupport */; };
		A7A8B77F2CF9DA0100A14226 /* FirebaseAppCheck in Frameworks */ = {isa = PBXBuildFile; productRef = A7A8B77E2CF9DA0100A14226 /* FirebaseAppCheck */; };
		A7A8B7812CF9DA0100A14226 /* FirebaseAppDistribution-Beta in Frameworks */ = {isa = PBXBuildFile; productRef = A7A8B7802CF9DA0100A14226 /* FirebaseAppDistribution-Beta */; };
		A7A8B7832CF9DA0100A14226 /* FirebaseAuth in Frameworks */ = {isa = PBXBuildFile; productRef = A7A8B7822CF9DA0100A14226 /* FirebaseAuth */; };
		A7A8B7852CF9DA0100A14226 /* FirebaseAuthCombine-Community in Frameworks */ = {isa = PBXBuildFile; productRef = A7A8B7842CF9DA0100A14226 /* FirebaseAuthCombine-Community */; };
		A7A8B7872CF9DA0100A14226 /* FirebaseCore in Frameworks */ = {isa = PBXBuildFile; productRef = A7A8B7862CF9DA0100A14226 /* FirebaseCore */; };
		A7A8B7892CF9DA0100A14226 /* FirebaseCrashlytics in Frameworks */ = {isa = PBXBuildFile; productRef = A7A8B7882CF9DA0100A14226 /* FirebaseCrashlytics */; };
		A7A8B78B2CF9DA0100A14226 /* FirebaseDatabase in Frameworks */ = {isa = PBXBuildFile; productRef = A7A8B78A2CF9DA0100A14226 /* FirebaseDatabase */; };
		A7A8B78D2CF9DA0100A14226 /* FirebaseDynamicLinks in Frameworks */ = {isa = PBXBuildFile; productRef = A7A8B78C2CF9DA0100A14226 /* FirebaseDynamicLinks */; };
		A7A8B78F2CF9DA0100A14226 /* FirebaseFirestore in Frameworks */ = {isa = PBXBuildFile; productRef = A7A8B78E2CF9DA0100A14226 /* FirebaseFirestore */; };
		A7A8B7912CF9DA0100A14226 /* FirebaseFirestoreCombine-Community in Frameworks */ = {isa = PBXBuildFile; productRef = A7A8B7902CF9DA0100A14226 /* FirebaseFirestoreCombine-Community */; };
		A7A8B7932CF9DA0100A14226 /* FirebaseFunctions in Frameworks */ = {isa = PBXBuildFile; productRef = A7A8B7922CF9DA0100A14226 /* FirebaseFunctions */; };
		A7A8B7952CF9DA0100A14226 /* FirebaseFunctionsCombine-Community in Frameworks */ = {isa = PBXBuildFile; productRef = A7A8B7942CF9DA0100A14226 /* FirebaseFunctionsCombine-Community */; };
		A7A8B7972CF9DA0100A14226 /* FirebaseInAppMessaging-Beta in Frameworks */ = {isa = PBXBuildFile; productRef = A7A8B7962CF9DA0100A14226 /* FirebaseInAppMessaging-Beta */; };
		A7A8B7992CF9DA0100A14226 /* FirebaseInstallations in Frameworks */ = {isa = PBXBuildFile; productRef = A7A8B7982CF9DA0100A14226 /* FirebaseInstallations */; };
		A7A8B79B2CF9DA0100A14226 /* FirebaseMLModelDownloader in Frameworks */ = {isa = PBXBuildFile; productRef = A7A8B79A2CF9DA0100A14226 /* FirebaseMLModelDownloader */; };
		A7A8B79D2CF9DA0100A14226 /* FirebaseMessaging in Frameworks */ = {isa = PBXBuildFile; productRef = A7A8B79C2CF9DA0100A14226 /* FirebaseMessaging */; };
		A7A8B79F2CF9DA0100A14226 /* FirebasePerformance in Frameworks */ = {isa = PBXBuildFile; productRef = A7A8B79E2CF9DA0100A14226 /* FirebasePerformance */; };
		A7A8B7A12CF9DA0100A14226 /* FirebaseRemoteConfig in Frameworks */ = {isa = PBXBuildFile; productRef = A7A8B7A02CF9DA0100A14226 /* FirebaseRemoteConfig */; };
		A7A8B7A32CF9DA0100A14226 /* FirebaseStorage in Frameworks */ = {isa = PBXBuildFile; productRef = A7A8B7A22CF9DA0100A14226 /* FirebaseStorage */; };
		A7A8B7A52CF9DA0100A14226 /* FirebaseStorageCombine-Community in Frameworks */ = {isa = PBXBuildFile; productRef = A7A8B7A42CF9DA0100A14226 /* FirebaseStorageCombine-Community */; };
		A7A8B7A72CF9DA0100A14226 /* FirebaseVertexAI in Frameworks */ = {isa = PBXBuildFile; productRef = A7A8B7A62CF9DA0100A14226 /* FirebaseVertexAI */; };
		A7B43CAC2CF9CDC800C66B7A /* GoogleService-Info.plist in Resources */ = {isa = PBXBuildFile; fileRef = A7B43CAB2CF9CDC800C66B7A /* GoogleService-Info.plist */; };
		A7D06F662D0090DE00EAB852 /* LoadingOverlay.swift in Sources */ = {isa = PBXBuildFile; fileRef = A7D06F652D0090DE00EAB852 /* LoadingOverlay.swift */; };
		A7D06F682D01A4A400EAB852 /* Genesys.ttf in Resources */ = {isa = PBXBuildFile; fileRef = A7D06F672D01A4A400EAB852 /* Genesys.ttf */; };
		A7D06F6B2D01B4E800EAB852 /* BackgroundSplashScreen.swift in Sources */ = {isa = PBXBuildFile; fileRef = A7D06F6A2D01B4E800EAB852 /* BackgroundSplashScreen.swift */; };
		A7D06F6D2D03505600EAB852 /* DeleteAccountView.swift in Sources */ = {isa = PBXBuildFile; fileRef = A7D06F6C2D03505600EAB852 /* DeleteAccountView.swift */; };
		A7D06F862D060AFA00EAB852 /* img in Resources */ = {isa = PBXBuildFile; fileRef = A7D06F852D060AFA00EAB852 /* img */; };
		A7D0C90F2CF7433C00AFF92B /* Assets.xcassets in Resources */ = {isa = PBXBuildFile; fileRef = A7D0C90E2CF7433C00AFF92B /* Assets.xcassets */; };
		A7D1F03D2CFC943800A6800A /* ToastView.swift in Sources */ = {isa = PBXBuildFile; fileRef = A7D1F03C2CFC943800A6800A /* ToastView.swift */; };
		A7D1F0442CFC9A5300A6800A /* GooglePlaces in Frameworks */ = {isa = PBXBuildFile; productRef = A7D1F0432CFC9A5300A6800A /* GooglePlaces */; };
		A7D1F0462CFC9A5300A6800A /* GooglePlacesSwift in Frameworks */ = {isa = PBXBuildFile; productRef = A7D1F0452CFC9A5300A6800A /* GooglePlacesSwift */; };
		A7E709A72CF9E50D0097D43E /* SplashScreen.swift in Sources */ = {isa = PBXBuildFile; fileRef = A7E709A62CF9E50D0097D43E /* SplashScreen.swift */; };
/* End PBXBuildFile section */

/* Begin PBXFileReference section */
		A74174F02CD9196C007DA925 /* AutocompleteControllerView.swift */ = {isa = PBXFileReference; lastKnownFileType = sourcecode.swift; path = AutocompleteControllerView.swift; sourceTree = "<group>"; };
		A74174F22CDCC9D0007DA925 /* SelectLocationView.swift */ = {isa = PBXFileReference; lastKnownFileType = sourcecode.swift; path = SelectLocationView.swift; sourceTree = "<group>"; };
		A74174F62CDE1F7B007DA925 /* LocationPickerView.swift */ = {isa = PBXFileReference; lastKnownFileType = sourcecode.swift; path = LocationPickerView.swift; sourceTree = "<group>"; };
		A74174F92CE106C0007DA925 /* EditProfileView.swift */ = {isa = PBXFileReference; lastKnownFileType = sourcecode.swift; path = EditProfileView.swift; sourceTree = "<group>"; };
		A74174FB2CE1078C007DA925 /* MenuView.swift */ = {isa = PBXFileReference; lastKnownFileType = sourcecode.swift; path = MenuView.swift; sourceTree = "<group>"; };
		A74174FF2CE10B4F007DA925 /* SampleData.swift */ = {isa = PBXFileReference; lastKnownFileType = sourcecode.swift; path = SampleData.swift; sourceTree = "<group>"; };
		A74175032CE2AA79007DA925 /* EditPostView.swift */ = {isa = PBXFileReference; lastKnownFileType = sourcecode.swift; path = EditPostView.swift; sourceTree = "<group>"; };
		A74175052CE36C16007DA925 /* PostFormView.swift */ = {isa = PBXFileReference; lastKnownFileType = sourcecode.swift; path = PostFormView.swift; sourceTree = "<group>"; };
		A74175072CE36E37007DA925 /* MultipleSelectionRow.swift */ = {isa = PBXFileReference; lastKnownFileType = sourcecode.swift; path = MultipleSelectionRow.swift; sourceTree = "<group>"; };
		A74175092CE37E53007DA925 /* UsersViewModel.swift */ = {isa = PBXFileReference; lastKnownFileType = sourcecode.swift; path = UsersViewModel.swift; sourceTree = "<group>"; };
		A741750B2CE384AC007DA925 /* ProfileHeaderView.swift */ = {isa = PBXFileReference; lastKnownFileType = sourcecode.swift; path = ProfileHeaderView.swift; sourceTree = "<group>"; };
		A741750D2CE384DE007DA925 /* AboutMeView.swift */ = {isa = PBXFileReference; lastKnownFileType = sourcecode.swift; path = AboutMeView.swift; sourceTree = "<group>"; };
		A74175132CE3851A007DA925 /* ReviewRow.swift */ = {isa = PBXFileReference; lastKnownFileType = sourcecode.swift; path = ReviewRow.swift; sourceTree = "<group>"; };
		A74175152CE38534007DA925 /* PostsListView.swift */ = {isa = PBXFileReference; lastKnownFileType = sourcecode.swift; path = PostsListView.swift; sourceTree = "<group>"; };
		A741751B2CE4DDAB007DA925 /* Request.swift */ = {isa = PBXFileReference; lastKnownFileType = sourcecode.swift; path = Request.swift; sourceTree = "<group>"; };
		A741751D2CE4DF98007DA925 /* RequestStatus.swift */ = {isa = PBXFileReference; lastKnownFileType = sourcecode.swift; path = RequestStatus.swift; sourceTree = "<group>"; };
		A741751F2CE4E19E007DA925 /* RequestsViewModel.swift */ = {isa = PBXFileReference; lastKnownFileType = sourcecode.swift; path = RequestsViewModel.swift; sourceTree = "<group>"; };
		A74175232CE4E791007DA925 /* RequestFormView.swift */ = {isa = PBXFileReference; lastKnownFileType = sourcecode.swift; path = RequestFormView.swift; sourceTree = "<group>"; };
		A74175282CE4F5C9007DA925 /* RequestDetailsView.swift */ = {isa = PBXFileReference; lastKnownFileType = sourcecode.swift; path = RequestDetailsView.swift; sourceTree = "<group>"; };
		A741752B2CE4FA42007DA925 /* AddRatingView.swift */ = {isa = PBXFileReference; lastKnownFileType = sourcecode.swift; path = AddRatingView.swift; sourceTree = "<group>"; };
		A741752D2CE4FEE3007DA925 /* ReviewCard.swift */ = {isa = PBXFileReference; lastKnownFileType = sourcecode.swift; path = ReviewCard.swift; sourceTree = "<group>"; };
		A741752F2CE4FFE4007DA925 /* ReviewsScrollView.swift */ = {isa = PBXFileReference; lastKnownFileType = sourcecode.swift; path = ReviewsScrollView.swift; sourceTree = "<group>"; };
		A74175312CE500E8007DA925 /* RatingView.swift */ = {isa = PBXFileReference; lastKnownFileType = sourcecode.swift; path = RatingView.swift; sourceTree = "<group>"; };
		A741753B2CE5E92E007DA925 /* UserRepository.swift */ = {isa = PBXFileReference; lastKnownFileType = sourcecode.swift; path = UserRepository.swift; sourceTree = "<group>"; };
		A741753D2CE5E947007DA925 /* RequestsRepository.swift */ = {isa = PBXFileReference; lastKnownFileType = sourcecode.swift; path = RequestsRepository.swift; sourceTree = "<group>"; };
		A74175422CE61886007DA925 /* Buttons.swift */ = {isa = PBXFileReference; lastKnownFileType = sourcecode.swift; path = Buttons.swift; sourceTree = "<group>"; };
		A74175462CE75439007DA925 /* InboxEnum.swift */ = {isa = PBXFileReference; lastKnownFileType = sourcecode.swift; path = InboxEnum.swift; sourceTree = "<group>"; };
		A74175482CE77AB0007DA925 /* ReviewerCardView.swift */ = {isa = PBXFileReference; lastKnownFileType = sourcecode.swift; path = ReviewerCardView.swift; sourceTree = "<group>"; };
		A741754A2CE78095007DA925 /* RequestListItemView.swift */ = {isa = PBXFileReference; lastKnownFileType = sourcecode.swift; path = RequestListItemView.swift; sourceTree = "<group>"; };
		A741754E2CE7AFC3007DA925 /* CreatorCardView.swift */ = {isa = PBXFileReference; lastKnownFileType = sourcecode.swift; path = CreatorCardView.swift; sourceTree = "<group>"; };
		A74FE3292CF4BA5B00517D3C /* BackgroundModifier.swift */ = {isa = PBXFileReference; lastKnownFileType = sourcecode.swift; path = BackgroundModifier.swift; sourceTree = "<group>"; };
		A78AD7F02CD513A50074EB6E /* CustomTextEditorView.swift */ = {isa = PBXFileReference; lastKnownFileType = sourcecode.swift; path = CustomTextEditorView.swift; sourceTree = "<group>"; };
		A78AD7F62CD8DB910074EB6E /* AppDelegate.swift */ = {isa = PBXFileReference; lastKnownFileType = sourcecode.swift; path = AppDelegate.swift; sourceTree = "<group>"; };
		A79850E62CFF5A2F00E9CB79 /* DateFormatter.swift */ = {isa = PBXFileReference; lastKnownFileType = sourcecode.swift; path = DateFormatter.swift; sourceTree = "<group>"; };
		A799450C2CCFB02600F4AF89 /* GoGig .app */ = {isa = PBXFileReference; explicitFileType = wrapper.application; includeInIndex = 0; path = "GoGig .app"; sourceTree = BUILT_PRODUCTS_DIR; };
		A799450F2CCFB02600F4AF89 /* GoGig.swift */ = {isa = PBXFileReference; lastKnownFileType = sourcecode.swift; path = GoGig.swift; sourceTree = "<group>"; };
		A79945112CCFB02600F4AF89 /* ContentView.swift */ = {isa = PBXFileReference; lastKnownFileType = sourcecode.swift; path = ContentView.swift; sourceTree = "<group>"; };
		A79945182CCFB02800F4AF89 /* Preview Assets.xcassets */ = {isa = PBXFileReference; lastKnownFileType = folder.assetcatalog; path = "Preview Assets.xcassets"; sourceTree = "<group>"; };
		A799455E2CD0110500F4AF89 /* LoginView.swift */ = {isa = PBXFileReference; lastKnownFileType = sourcecode.swift; path = LoginView.swift; sourceTree = "<group>"; };
		A79945602CD0110F00F4AF89 /* RegistrationView.swift */ = {isa = PBXFileReference; lastKnownFileType = sourcecode.swift; path = RegistrationView.swift; sourceTree = "<group>"; };
		A79945642CD0116800F4AF89 /* HomeView.swift */ = {isa = PBXFileReference; lastKnownFileType = sourcecode.swift; path = HomeView.swift; sourceTree = "<group>"; };
		A79945662CD0119A00F4AF89 /* AddPostTabView.swift */ = {isa = PBXFileReference; lastKnownFileType = sourcecode.swift; path = AddPostTabView.swift; sourceTree = "<group>"; };
		A799456A2CD011B100F4AF89 /* PostDetailsView.swift */ = {isa = PBXFileReference; lastKnownFileType = sourcecode.swift; path = PostDetailsView.swift; sourceTree = "<group>"; };
		A79945742CD0125700F4AF89 /* UserDetailsView.swift */ = {isa = PBXFileReference; lastKnownFileType = sourcecode.swift; path = UserDetailsView.swift; sourceTree = "<group>"; };
		A79945782CD0128800F4AF89 /* ReviewsView.swift */ = {isa = PBXFileReference; lastKnownFileType = sourcecode.swift; path = ReviewsView.swift; sourceTree = "<group>"; };
		A799457A2CD0129100F4AF89 /* AddReviewView.swift */ = {isa = PBXFileReference; lastKnownFileType = sourcecode.swift; path = AddReviewView.swift; sourceTree = "<group>"; };
		A799457C2CD012A200F4AF89 /* User.swift */ = {isa = PBXFileReference; lastKnownFileType = sourcecode.swift; path = User.swift; sourceTree = "<group>"; };
		A799457E2CD012B600F4AF89 /* Post.swift */ = {isa = PBXFileReference; lastKnownFileType = sourcecode.swift; path = Post.swift; sourceTree = "<group>"; };
		A79945802CD012C000F4AF89 /* Review.swift */ = {isa = PBXFileReference; lastKnownFileType = sourcecode.swift; path = Review.swift; sourceTree = "<group>"; };
		A79945822CD012CE00F4AF89 /* Chat.swift */ = {isa = PBXFileReference; lastKnownFileType = sourcecode.swift; path = Chat.swift; sourceTree = "<group>"; };
		A79945842CD012D500F4AF89 /* Message.swift */ = {isa = PBXFileReference; lastKnownFileType = sourcecode.swift; path = Message.swift; sourceTree = "<group>"; };
		A79945862CD0145100F4AF89 /* PostTypeEnum.swift */ = {isa = PBXFileReference; lastKnownFileType = sourcecode.swift; path = PostTypeEnum.swift; sourceTree = "<group>"; };
		A79945882CD0150B00F4AF89 /* ExchangeCoinEnum.swift */ = {isa = PBXFileReference; lastKnownFileType = sourcecode.swift; path = ExchangeCoinEnum.swift; sourceTree = "<group>"; };
		A799458A2CD0154100F4AF89 /* CategoriesEnum.swift */ = {isa = PBXFileReference; lastKnownFileType = sourcecode.swift; path = CategoriesEnum.swift; sourceTree = "<group>"; };
		A799458C2CD0D78600F4AF89 /* AuthViewModel.swift */ = {isa = PBXFileReference; lastKnownFileType = sourcecode.swift; path = AuthViewModel.swift; sourceTree = "<group>"; };
		A799458E2CD0D7DF00F4AF89 /* FirebaseManager.swift */ = {isa = PBXFileReference; lastKnownFileType = sourcecode.swift; path = FirebaseManager.swift; sourceTree = "<group>"; };
		A79945902CD0DA0000F4AF89 /* SortOderEnum.swift */ = {isa = PBXFileReference; lastKnownFileType = sourcecode.swift; path = SortOderEnum.swift; sourceTree = "<group>"; };
		A79945942CD1017300F4AF89 /* LoginOrRegisterView.swift */ = {isa = PBXFileReference; lastKnownFileType = sourcecode.swift; path = LoginOrRegisterView.swift; sourceTree = "<group>"; };
		A79945982CD110ED00F4AF89 /* CustomTextFieldView.swift */ = {isa = PBXFileReference; lastKnownFileType = sourcecode.swift; path = CustomTextFieldView.swift; sourceTree = "<group>"; };
		A799459A2CD1117E00F4AF89 /* CustomSecureFieldView.swift */ = {isa = PBXFileReference; lastKnownFileType = sourcecode.swift; path = CustomSecureFieldView.swift; sourceTree = "<group>"; };
		A799459C2CD1120B00F4AF89 /* ImagePickerView.swift */ = {isa = PBXFileReference; lastKnownFileType = sourcecode.swift; path = ImagePickerView.swift; sourceTree = "<group>"; };
		A799459E2CD11EC500F4AF89 /* SearchTabView.swift */ = {isa = PBXFileReference; lastKnownFileType = sourcecode.swift; path = SearchTabView.swift; sourceTree = "<group>"; };
		A79945A12CD11EE400F4AF89 /* BookmarksTabView.swift */ = {isa = PBXFileReference; lastKnownFileType = sourcecode.swift; path = BookmarksTabView.swift; sourceTree = "<group>"; };
		A79945A32CD11EF000F4AF89 /* InboxTabView.swift */ = {isa = PBXFileReference; lastKnownFileType = sourcecode.swift; path = InboxTabView.swift; sourceTree = "<group>"; };
		A79945A52CD11F0700F4AF89 /* PersonalTabView.swift */ = {isa = PBXFileReference; lastKnownFileType = sourcecode.swift; path = PersonalTabView.swift; sourceTree = "<group>"; };
		A79945A72CD11FA900F4AF89 /* HomeTabsEnum.swift */ = {isa = PBXFileReference; lastKnownFileType = sourcecode.swift; path = HomeTabsEnum.swift; sourceTree = "<group>"; };
		A79945A92CD121E400F4AF89 /* PostItemView.swift */ = {isa = PBXFileReference; lastKnownFileType = sourcecode.swift; path = PostItemView.swift; sourceTree = "<group>"; };
		A79945AB2CD1225200F4AF89 /* PostsViewModel.swift */ = {isa = PBXFileReference; lastKnownFileType = sourcecode.swift; path = PostsViewModel.swift; sourceTree = "<group>"; };
		A79945AE2CD123E700F4AF89 /* PostsRepository.swift */ = {isa = PBXFileReference; lastKnownFileType = sourcecode.swift; path = PostsRepository.swift; sourceTree = "<group>"; };
		A79945B02CD124A100F4AF89 /* DataErrorEnum.swift */ = {isa = PBXFileReference; lastKnownFileType = sourcecode.swift; path = DataErrorEnum.swift; sourceTree = "<group>"; };
		A79945B42CD27A9800F4AF89 /* LoadingSpinnerView.swift */ = {isa = PBXFileReference; lastKnownFileType = sourcecode.swift; path = LoadingSpinnerView.swift; sourceTree = "<group>"; };
		A79945B62CD27C7300F4AF89 /* LoadingStateEnum.swift */ = {isa = PBXFileReference; lastKnownFileType = sourcecode.swift; path = LoadingStateEnum.swift; sourceTree = "<group>"; };
		A7B43CAB2CF9CDC800C66B7A /* GoogleService-Info.plist */ = {isa = PBXFileReference; fileEncoding = 4; lastKnownFileType = text.plist.xml; path = "GoogleService-Info.plist"; sourceTree = "<group>"; };
		A7D06F652D0090DE00EAB852 /* LoadingOverlay.swift */ = {isa = PBXFileReference; lastKnownFileType = sourcecode.swift; path = LoadingOverlay.swift; sourceTree = "<group>"; };
		A7D06F672D01A4A400EAB852 /* Genesys.ttf */ = {isa = PBXFileReference; lastKnownFileType = file; name = Genesys.ttf; path = "../../../../../../Downloads/Genesys 2/Genesys.ttf"; sourceTree = "<group>"; };
		A7D06F692D01A6B100EAB852 /* GoGig--Info.plist */ = {isa = PBXFileReference; lastKnownFileType = text.plist; path = "GoGig--Info.plist"; sourceTree = "<group>"; };
		A7D06F6A2D01B4E800EAB852 /* BackgroundSplashScreen.swift */ = {isa = PBXFileReference; lastKnownFileType = sourcecode.swift; path = BackgroundSplashScreen.swift; sourceTree = "<group>"; };
		A7D06F6C2D03505600EAB852 /* DeleteAccountView.swift */ = {isa = PBXFileReference; lastKnownFileType = sourcecode.swift; path = DeleteAccountView.swift; sourceTree = "<group>"; };
		A7D06F852D060AFA00EAB852 /* img */ = {isa = PBXFileReference; lastKnownFileType = folder; path = img; sourceTree = "<group>"; };
		A7D0C90E2CF7433C00AFF92B /* Assets.xcassets */ = {isa = PBXFileReference; lastKnownFileType = folder.assetcatalog; path = Assets.xcassets; sourceTree = "<group>"; };
		A7D1F03C2CFC943800A6800A /* ToastView.swift */ = {isa = PBXFileReference; lastKnownFileType = sourcecode.swift; path = ToastView.swift; sourceTree = "<group>"; };
		A7E709A62CF9E50D0097D43E /* SplashScreen.swift */ = {isa = PBXFileReference; lastKnownFileType = sourcecode.swift; path = SplashScreen.swift; sourceTree = "<group>"; };
/* End PBXFileReference section */

/* Begin PBXFrameworksBuildPhase section */
		A79945092CCFB02600F4AF89 /* Frameworks */ = {
			isa = PBXFrameworksBuildPhase;
			buildActionMask = 2147483647;
			files = (
				A7A8B7912CF9DA0100A14226 /* FirebaseFirestoreCombine-Community in Frameworks */,
				A7A8B7A72CF9DA0100A14226 /* FirebaseVertexAI in Frameworks */,
				A7A8B7932CF9DA0100A14226 /* FirebaseFunctions in Frameworks */,
				A7A8B79F2CF9DA0100A14226 /* FirebasePerformance in Frameworks */,
				A7A8B7A52CF9DA0100A14226 /* FirebaseStorageCombine-Community in Frameworks */,
				A7A8B7A12CF9DA0100A14226 /* FirebaseRemoteConfig in Frameworks */,
				A7A8B78B2CF9DA0100A14226 /* FirebaseDatabase in Frameworks */,
				A7A8B78D2CF9DA0100A14226 /* FirebaseDynamicLinks in Frameworks */,
				A7A8B77F2CF9DA0100A14226 /* FirebaseAppCheck in Frameworks */,
				A7D1F0462CFC9A5300A6800A /* GooglePlacesSwift in Frameworks */,
				A7A8B7832CF9DA0100A14226 /* FirebaseAuth in Frameworks */,
				A7A8B7792CF9DA0100A14226 /* FirebaseAnalytics in Frameworks */,
				A7A8B78F2CF9DA0100A14226 /* FirebaseFirestore in Frameworks */,
				A7A8B79D2CF9DA0100A14226 /* FirebaseMessaging in Frameworks */,
				A7A8B7992CF9DA0100A14226 /* FirebaseInstallations in Frameworks */,
				A7A8B7952CF9DA0100A14226 /* FirebaseFunctionsCombine-Community in Frameworks */,
				A7A8B7812CF9DA0100A14226 /* FirebaseAppDistribution-Beta in Frameworks */,
				A7A8B77D2CF9DA0100A14226 /* FirebaseAnalyticsWithoutAdIdSupport in Frameworks */,
				A7A8B7972CF9DA0100A14226 /* FirebaseInAppMessaging-Beta in Frameworks */,
				A7A8B7852CF9DA0100A14226 /* FirebaseAuthCombine-Community in Frameworks */,
				A7A8B7892CF9DA0100A14226 /* FirebaseCrashlytics in Frameworks */,
				A7A8B79B2CF9DA0100A14226 /* FirebaseMLModelDownloader in Frameworks */,
				A7A8B7A32CF9DA0100A14226 /* FirebaseStorage in Frameworks */,
				A7A8B7872CF9DA0100A14226 /* FirebaseCore in Frameworks */,
				A7D1F0442CFC9A5300A6800A /* GooglePlaces in Frameworks */,
				A7A8B77B2CF9DA0100A14226 /* FirebaseAnalyticsOnDeviceConversion in Frameworks */,
			);
			runOnlyForDeploymentPostprocessing = 0;
		};
/* End PBXFrameworksBuildPhase section */

/* Begin PBXGroup section */
		A74174F82CE106AC007DA925 /* EditProfile */ = {
			isa = PBXGroup;
			children = (
				A74174F92CE106C0007DA925 /* EditProfileView.swift */,
			);
			path = EditProfile;
			sourceTree = "<group>";
		};
		A74175272CE4F5BA007DA925 /* Requests */ = {
			isa = PBXGroup;
			children = (
				A74175392CE5E737007DA925 /* Subviews */,
				A74175282CE4F5C9007DA925 /* RequestDetailsView.swift */,
			);
			path = Requests;
			sourceTree = "<group>";
		};
		A741752A2CE4FA36007DA925 /* Ratings */ = {
			isa = PBXGroup;
			children = (
				A741752B2CE4FA42007DA925 /* AddRatingView.swift */,
			);
			path = Ratings;
			sourceTree = "<group>";
		};
		A74175352CE5E62A007DA925 /* User */ = {
			isa = PBXGroup;
			children = (
				A74175382CE5E718007DA925 /* SubViews */,
				A79945742CD0125700F4AF89 /* UserDetailsView.swift */,
			);
			path = User;
			sourceTree = "<group>";
		};
		A74175362CE5E645007DA925 /* Subviews */ = {
			isa = PBXGroup;
			children = (
				A74175072CE36E37007DA925 /* MultipleSelectionRow.swift */,
				A74175052CE36C16007DA925 /* PostFormView.swift */,
				A74175152CE38534007DA925 /* PostsListView.swift */,
				A79945A92CD121E400F4AF89 /* PostItemView.swift */,
			);
			path = Subviews;
			sourceTree = "<group>";
		};
		A74175372CE5E677007DA925 /* Subviews */ = {
			isa = PBXGroup;
			children = (
				A741752F2CE4FFE4007DA925 /* ReviewsScrollView.swift */,
				A74175312CE500E8007DA925 /* RatingView.swift */,
				A741752D2CE4FEE3007DA925 /* ReviewCard.swift */,
				A74175132CE3851A007DA925 /* ReviewRow.swift */,
				A74175482CE77AB0007DA925 /* ReviewerCardView.swift */,
			);
			path = Subviews;
			sourceTree = "<group>";
		};
		A74175382CE5E718007DA925 /* SubViews */ = {
			isa = PBXGroup;
			children = (
				A799459C2CD1120B00F4AF89 /* ImagePickerView.swift */,
				A741750B2CE384AC007DA925 /* ProfileHeaderView.swift */,
				A741750D2CE384DE007DA925 /* AboutMeView.swift */,
				A741754E2CE7AFC3007DA925 /* CreatorCardView.swift */,
			);
			path = SubViews;
			sourceTree = "<group>";
		};
		A74175392CE5E737007DA925 /* Subviews */ = {
			isa = PBXGroup;
			children = (
				A74175232CE4E791007DA925 /* RequestFormView.swift */,
				A741754A2CE78095007DA925 /* RequestListItemView.swift */,
			);
			path = Subviews;
			sourceTree = "<group>";
		};
		A741753A2CE5E7BA007DA925 /* LocationAPI */ = {
			isa = PBXGroup;
			children = (
				A74174F02CD9196C007DA925 /* AutocompleteControllerView.swift */,
				A74174F22CDCC9D0007DA925 /* SelectLocationView.swift */,
				A74174F62CDE1F7B007DA925 /* LocationPickerView.swift */,
			);
			path = LocationAPI;
			sourceTree = "<group>";
		};
		A74175412CE61761007DA925 /* Menu */ = {
			isa = PBXGroup;
			children = (
				A74174FB2CE1078C007DA925 /* MenuView.swift */,
				A7D06F6C2D03505600EAB852 /* DeleteAccountView.swift */,
			);
			path = Menu;
			sourceTree = "<group>";
		};
		A78AD7F52CD8DB830074EB6E /* API */ = {
			isa = PBXGroup;
			children = (
				A78AD7F62CD8DB910074EB6E /* AppDelegate.swift */,
			);
			path = API;
			sourceTree = "<group>";
		};
		A79945032CCFB02600F4AF89 = {
			isa = PBXGroup;
			children = (
				A7D06F692D01A6B100EAB852 /* GoGig--Info.plist */,
				A7D06F852D060AFA00EAB852 /* img */,
				A799450E2CCFB02600F4AF89 /* GoGig */,
				A799450D2CCFB02600F4AF89 /* Products */,
			);
			sourceTree = "<group>";
		};
		A799450D2CCFB02600F4AF89 /* Products */ = {
			isa = PBXGroup;
			children = (
				A799450C2CCFB02600F4AF89 /* GoGig .app */,
			);
			name = Products;
			sourceTree = "<group>";
		};
		A799450E2CCFB02600F4AF89 /* GoGig */ = {
			isa = PBXGroup;
			children = (
				A7D1F0472CFDB2CE00A6800A /* Fonts */,
				A79945552CD0105200F4AF89 /* Manager */,
				A78AD7F52CD8DB830074EB6E /* API */,
				A79945AD2CD123D800F4AF89 /* Repository */,
				A79945562CD0105B00F4AF89 /* ViewModels */,
				A79945532CD0102B00F4AF89 /* Views */,
				A79945522CD0088B00F4AF89 /* Models */,
				A79945572CD0106B00F4AF89 /* Enums */,
				A79945962CD110A400F4AF89 /* Utils */,
				A7D0C90E2CF7433C00AFF92B /* Assets.xcassets */,
				A7B43CAB2CF9CDC800C66B7A /* GoogleService-Info.plist */,
				A799450F2CCFB02600F4AF89 /* GoGig.swift */,
				A79945112CCFB02600F4AF89 /* ContentView.swift */,
				A79945172CCFB02800F4AF89 /* Preview Content */,
			);
			path = GoGig;
			sourceTree = "<group>";
		};
		A79945172CCFB02800F4AF89 /* Preview Content */ = {
			isa = PBXGroup;
			children = (
				A79945182CCFB02800F4AF89 /* Preview Assets.xcassets */,
			);
			path = "Preview Content";
			sourceTree = "<group>";
		};
		A79945522CD0088B00F4AF89 /* Models */ = {
			isa = PBXGroup;
			children = (
				A799457C2CD012A200F4AF89 /* User.swift */,
				A799457E2CD012B600F4AF89 /* Post.swift */,
				A79945802CD012C000F4AF89 /* Review.swift */,
				A79945822CD012CE00F4AF89 /* Chat.swift */,
				A79945842CD012D500F4AF89 /* Message.swift */,
				A741751B2CE4DDAB007DA925 /* Request.swift */,
			);
			path = Models;
			sourceTree = "<group>";
		};
		A79945532CD0102B00F4AF89 /* Views */ = {
			isa = PBXGroup;
			children = (
				A741753A2CE5E7BA007DA925 /* LocationAPI */,
				A74175352CE5E62A007DA925 /* User */,
				A741752A2CE4FA36007DA925 /* Ratings */,
				A74175272CE4F5BA007DA925 /* Requests */,
				A74174F82CE106AC007DA925 /* EditProfile */,
				A79945772CD0126A00F4AF89 /* Reviews */,
				A799455A2CD0109300F4AF89 /* Post */,
				A79945592CD0108200F4AF89 /* Auth */,
				A79945582CD0107B00F4AF89 /* Home */,
				A7E709A62CF9E50D0097D43E /* SplashScreen.swift */,
			);
			path = Views;
			sourceTree = "<group>";
		};
		A79945552CD0105200F4AF89 /* Manager */ = {
			isa = PBXGroup;
			children = (
				A799458E2CD0D7DF00F4AF89 /* FirebaseManager.swift */,
			);
			path = Manager;
			sourceTree = "<group>";
		};
		A79945562CD0105B00F4AF89 /* ViewModels */ = {
			isa = PBXGroup;
			children = (
				A799458C2CD0D78600F4AF89 /* AuthViewModel.swift */,
				A79945AB2CD1225200F4AF89 /* PostsViewModel.swift */,
				A741751F2CE4E19E007DA925 /* RequestsViewModel.swift */,
				A74175092CE37E53007DA925 /* UsersViewModel.swift */,
			);
			path = ViewModels;
			sourceTree = "<group>";
		};
		A79945572CD0106B00F4AF89 /* Enums */ = {
			isa = PBXGroup;
			children = (
				A79945862CD0145100F4AF89 /* PostTypeEnum.swift */,
				A79945882CD0150B00F4AF89 /* ExchangeCoinEnum.swift */,
				A799458A2CD0154100F4AF89 /* CategoriesEnum.swift */,
				A79945902CD0DA0000F4AF89 /* SortOderEnum.swift */,
				A79945A72CD11FA900F4AF89 /* HomeTabsEnum.swift */,
				A79945B02CD124A100F4AF89 /* DataErrorEnum.swift */,
				A79945B62CD27C7300F4AF89 /* LoadingStateEnum.swift */,
				A741751D2CE4DF98007DA925 /* RequestStatus.swift */,
				A74175462CE75439007DA925 /* InboxEnum.swift */,
			);
			path = Enums;
			sourceTree = "<group>";
		};
		A79945582CD0107B00F4AF89 /* Home */ = {
			isa = PBXGroup;
			children = (
				A79945642CD0116800F4AF89 /* HomeView.swift */,
				A79945A02CD11ECA00F4AF89 /* TabViews */,
			);
			path = Home;
			sourceTree = "<group>";
		};
		A79945592CD0108200F4AF89 /* Auth */ = {
			isa = PBXGroup;
			children = (
				A79945942CD1017300F4AF89 /* LoginOrRegisterView.swift */,
				A799455E2CD0110500F4AF89 /* LoginView.swift */,
				A79945602CD0110F00F4AF89 /* RegistrationView.swift */,
			);
			path = Auth;
			sourceTree = "<group>";
		};
		A799455A2CD0109300F4AF89 /* Post */ = {
			isa = PBXGroup;
			children = (
				A74175362CE5E645007DA925 /* Subviews */,
				A799456A2CD011B100F4AF89 /* PostDetailsView.swift */,
				A74175032CE2AA79007DA925 /* EditPostView.swift */,
			);
			path = Post;
			sourceTree = "<group>";
		};
		A79945772CD0126A00F4AF89 /* Reviews */ = {
			isa = PBXGroup;
			children = (
				A74175372CE5E677007DA925 /* Subviews */,
				A79945782CD0128800F4AF89 /* ReviewsView.swift */,
				A799457A2CD0129100F4AF89 /* AddReviewView.swift */,
			);
			path = Reviews;
			sourceTree = "<group>";
		};
		A79945962CD110A400F4AF89 /* Utils */ = {
			isa = PBXGroup;
			children = (
				A79945972CD110C800F4AF89 /* SubViews */,
				A79945B42CD27A9800F4AF89 /* LoadingSpinnerView.swift */,
				A74174FF2CE10B4F007DA925 /* SampleData.swift */,
				A74FE3292CF4BA5B00517D3C /* BackgroundModifier.swift */,
				A7D1F03C2CFC943800A6800A /* ToastView.swift */,
				A7D06F652D0090DE00EAB852 /* LoadingOverlay.swift */,
				A7D06F6A2D01B4E800EAB852 /* BackgroundSplashScreen.swift */,
			);
			path = Utils;
			sourceTree = "<group>";
		};
		A79945972CD110C800F4AF89 /* SubViews */ = {
			isa = PBXGroup;
			children = (
				A79945982CD110ED00F4AF89 /* CustomTextFieldView.swift */,
				A799459A2CD1117E00F4AF89 /* CustomSecureFieldView.swift */,
				A78AD7F02CD513A50074EB6E /* CustomTextEditorView.swift */,
				A74175422CE61886007DA925 /* Buttons.swift */,
				A79850E62CFF5A2F00E9CB79 /* DateFormatter.swift */,
			);
			path = SubViews;
			sourceTree = "<group>";
		};
		A79945A02CD11ECA00F4AF89 /* TabViews */ = {
			isa = PBXGroup;
			children = (
				A799459E2CD11EC500F4AF89 /* SearchTabView.swift */,
				A79945A12CD11EE400F4AF89 /* BookmarksTabView.swift */,
				A79945662CD0119A00F4AF89 /* AddPostTabView.swift */,
				A79945A32CD11EF000F4AF89 /* InboxTabView.swift */,
				A79945A52CD11F0700F4AF89 /* PersonalTabView.swift */,
				A74175412CE61761007DA925 /* Menu */,
			);
			path = TabViews;
			sourceTree = "<group>";
		};
		A79945AD2CD123D800F4AF89 /* Repository */ = {
			isa = PBXGroup;
			children = (
				A79945AE2CD123E700F4AF89 /* PostsRepository.swift */,
				A741753B2CE5E92E007DA925 /* UserRepository.swift */,
				A741753D2CE5E947007DA925 /* RequestsRepository.swift */,
			);
			path = Repository;
			sourceTree = "<group>";
		};
		A7D1F0472CFDB2CE00A6800A /* Fonts */ = {
			isa = PBXGroup;
			children = (
				A7D06F672D01A4A400EAB852 /* Genesys.ttf */,
			);
			path = Fonts;
			sourceTree = "<group>";
		};
/* End PBXGroup section */

/* Begin PBXNativeTarget section */
		A799450B2CCFB02600F4AF89 /* GoGig  */ = {
			isa = PBXNativeTarget;
			buildConfigurationList = A799451C2CCFB02800F4AF89 /* Build configuration list for PBXNativeTarget "GoGig " */;
			buildPhases = (
				A79945082CCFB02600F4AF89 /* Sources */,
				A79945092CCFB02600F4AF89 /* Frameworks */,
				A799450A2CCFB02600F4AF89 /* Resources */,
			);
			buildRules = (
			);
			dependencies = (
			);
			name = "GoGig ";
			packageProductDependencies = (
				A7A8B7782CF9DA0100A14226 /* FirebaseAnalytics */,
				A7A8B77A2CF9DA0100A14226 /* FirebaseAnalyticsOnDeviceConversion */,
				A7A8B77C2CF9DA0100A14226 /* FirebaseAnalyticsWithoutAdIdSupport */,
				A7A8B77E2CF9DA0100A14226 /* FirebaseAppCheck */,
				A7A8B7802CF9DA0100A14226 /* FirebaseAppDistribution-Beta */,
				A7A8B7822CF9DA0100A14226 /* FirebaseAuth */,
				A7A8B7842CF9DA0100A14226 /* FirebaseAuthCombine-Community */,
				A7A8B7862CF9DA0100A14226 /* FirebaseCore */,
				A7A8B7882CF9DA0100A14226 /* FirebaseCrashlytics */,
				A7A8B78A2CF9DA0100A14226 /* FirebaseDatabase */,
				A7A8B78C2CF9DA0100A14226 /* FirebaseDynamicLinks */,
				A7A8B78E2CF9DA0100A14226 /* FirebaseFirestore */,
				A7A8B7902CF9DA0100A14226 /* FirebaseFirestoreCombine-Community */,
				A7A8B7922CF9DA0100A14226 /* FirebaseFunctions */,
				A7A8B7942CF9DA0100A14226 /* FirebaseFunctionsCombine-Community */,
				A7A8B7962CF9DA0100A14226 /* FirebaseInAppMessaging-Beta */,
				A7A8B7982CF9DA0100A14226 /* FirebaseInstallations */,
				A7A8B79A2CF9DA0100A14226 /* FirebaseMLModelDownloader */,
				A7A8B79C2CF9DA0100A14226 /* FirebaseMessaging */,
				A7A8B79E2CF9DA0100A14226 /* FirebasePerformance */,
				A7A8B7A02CF9DA0100A14226 /* FirebaseRemoteConfig */,
				A7A8B7A22CF9DA0100A14226 /* FirebaseStorage */,
				A7A8B7A42CF9DA0100A14226 /* FirebaseStorageCombine-Community */,
				A7A8B7A62CF9DA0100A14226 /* FirebaseVertexAI */,
				A7D1F0432CFC9A5300A6800A /* GooglePlaces */,
				A7D1F0452CFC9A5300A6800A /* GooglePlacesSwift */,
			);
			productName = Care4U;
			productReference = A799450C2CCFB02600F4AF89 /* GoGig .app */;
			productType = "com.apple.product-type.application";
		};
/* End PBXNativeTarget section */

/* Begin PBXProject section */
		A79945042CCFB02600F4AF89 /* Project object */ = {
			isa = PBXProject;
			attributes = {
				BuildIndependentTargetsInParallel = 1;
				LastSwiftUpdateCheck = 1520;
				LastUpgradeCheck = 1520;
				TargetAttributes = {
					A799450B2CCFB02600F4AF89 = {
						CreatedOnToolsVersion = 15.2;
					};
				};
			};
			buildConfigurationList = A79945072CCFB02600F4AF89 /* Build configuration list for PBXProject "GoGig " */;
			compatibilityVersion = "Xcode 14.0";
			developmentRegion = en;
			hasScannedForEncodings = 0;
			knownRegions = (
				en,
				Base,
			);
			mainGroup = A79945032CCFB02600F4AF89;
			packageReferences = (
				A7A8B7772CF9DA0100A14226 /* XCRemoteSwiftPackageReference "firebase-ios-sdk" */,
				A7D1F0422CFC9A5300A6800A /* XCRemoteSwiftPackageReference "ios-places-sdk" */,
			);
			productRefGroup = A799450D2CCFB02600F4AF89 /* Products */;
			projectDirPath = "";
			projectRoot = "";
			targets = (
				A799450B2CCFB02600F4AF89 /* GoGig  */,
			);
		};
/* End PBXProject section */

/* Begin PBXResourcesBuildPhase section */
		A799450A2CCFB02600F4AF89 /* Resources */ = {
			isa = PBXResourcesBuildPhase;
			buildActionMask = 2147483647;
			files = (
				A7D06F862D060AFA00EAB852 /* img in Resources */,
				A79945192CCFB02800F4AF89 /* Preview Assets.xcassets in Resources */,
				A7D06F682D01A4A400EAB852 /* Genesys.ttf in Resources */,
				A7D0C90F2CF7433C00AFF92B /* Assets.xcassets in Resources */,
				A7B43CAC2CF9CDC800C66B7A /* GoogleService-Info.plist in Resources */,
			);
			runOnlyForDeploymentPostprocessing = 0;
		};
/* End PBXResourcesBuildPhase section */

/* Begin PBXSourcesBuildPhase section */
		A79945082CCFB02600F4AF89 /* Sources */ = {
			isa = PBXSourcesBuildPhase;
			buildActionMask = 2147483647;
			files = (
				A74175242CE4E791007DA925 /* RequestFormView.swift in Sources */,
				A7D1F03D2CFC943800A6800A /* ToastView.swift in Sources */,
				A799459D2CD1120B00F4AF89 /* ImagePickerView.swift in Sources */,
				A74175162CE38534007DA925 /* PostsListView.swift in Sources */,
				A74175042CE2AA79007DA925 /* EditPostView.swift in Sources */,
				A741751E2CE4DF98007DA925 /* RequestStatus.swift in Sources */,
				A74FE32A2CF4BA5B00517D3C /* BackgroundModifier.swift in Sources */,
				A78AD7F12CD513A50074EB6E /* CustomTextEditorView.swift in Sources */,
				A74174F12CD9196C007DA925 /* AutocompleteControllerView.swift in Sources */,
				A74175202CE4E19E007DA925 /* RequestsViewModel.swift in Sources */,
				A799458F2CD0D7DF00F4AF89 /* FirebaseManager.swift in Sources */,
				A79945652CD0116800F4AF89 /* HomeView.swift in Sources */,
				A74175302CE4FFE4007DA925 /* ReviewsScrollView.swift in Sources */,
				A74175292CE4F5C9007DA925 /* RequestDetailsView.swift in Sources */,
				A79945B12CD124A100F4AF89 /* DataErrorEnum.swift in Sources */,
				A79945952CD1017300F4AF89 /* LoginOrRegisterView.swift in Sources */,
				A79945812CD012C000F4AF89 /* Review.swift in Sources */,
				A74175472CE75439007DA925 /* InboxEnum.swift in Sources */,
				A79945872CD0145100F4AF89 /* PostTypeEnum.swift in Sources */,
				A799457B2CD0129100F4AF89 /* AddReviewView.swift in Sources */,
				A741751C2CE4DDAB007DA925 /* Request.swift in Sources */,
				A7E709A72CF9E50D0097D43E /* SplashScreen.swift in Sources */,
				A741750E2CE384DE007DA925 /* AboutMeView.swift in Sources */,
				A74174F72CDE1F7B007DA925 /* LocationPickerView.swift in Sources */,
				A79945122CCFB02600F4AF89 /* ContentView.swift in Sources */,
				A79945A82CD11FA900F4AF89 /* HomeTabsEnum.swift in Sources */,
				A79945AC2CD1225200F4AF89 /* PostsViewModel.swift in Sources */,
				A741754F2CE7AFC3007DA925 /* CreatorCardView.swift in Sources */,
				A74174FA2CE106C0007DA925 /* EditProfileView.swift in Sources */,
				A74175432CE61886007DA925 /* Buttons.swift in Sources */,
				A79945612CD0110F00F4AF89 /* RegistrationView.swift in Sources */,
				A74175322CE500E8007DA925 /* RatingView.swift in Sources */,
				A7D06F6D2D03505600EAB852 /* DeleteAccountView.swift in Sources */,
				A741753E2CE5E947007DA925 /* RequestsRepository.swift in Sources */,
				A74175492CE77AB0007DA925 /* ReviewerCardView.swift in Sources */,
				A79945A42CD11EF000F4AF89 /* InboxTabView.swift in Sources */,
				A79850E72CFF5A2F00E9CB79 /* DateFormatter.swift in Sources */,
				A741753C2CE5E92E007DA925 /* UserRepository.swift in Sources */,
				A79945AF2CD123E700F4AF89 /* PostsRepository.swift in Sources */,
				A7D06F6B2D01B4E800EAB852 /* BackgroundSplashScreen.swift in Sources */,
				A79945AA2CD121E400F4AF89 /* PostItemView.swift in Sources */,
				A79945752CD0125700F4AF89 /* UserDetailsView.swift in Sources */,
				A741752C2CE4FA42007DA925 /* AddRatingView.swift in Sources */,
				A74174FC2CE1078C007DA925 /* MenuView.swift in Sources */,
				A79945A62CD11F0700F4AF89 /* PersonalTabView.swift in Sources */,
				A799455F2CD0110500F4AF89 /* LoginView.swift in Sources */,
				A741754B2CE78095007DA925 /* RequestListItemView.swift in Sources */,
				A79945792CD0128800F4AF89 /* ReviewsView.swift in Sources */,
				A7D06F662D0090DE00EAB852 /* LoadingOverlay.swift in Sources */,
				A79945A22CD11EE400F4AF89 /* BookmarksTabView.swift in Sources */,
				A799459B2CD1117E00F4AF89 /* CustomSecureFieldView.swift in Sources */,
				A79945B72CD27C7300F4AF89 /* LoadingStateEnum.swift in Sources */,
				A799457D2CD012A200F4AF89 /* User.swift in Sources */,
				A741752E2CE4FEE3007DA925 /* ReviewCard.swift in Sources */,
				A79945832CD012CE00F4AF89 /* Chat.swift in Sources */,
				A74175082CE36E37007DA925 /* MultipleSelectionRow.swift in Sources */,
				A799458B2CD0154100F4AF89 /* CategoriesEnum.swift in Sources */,
				A78AD7F72CD8DB910074EB6E /* AppDelegate.swift in Sources */,
				A74174F32CDCC9D0007DA925 /* SelectLocationView.swift in Sources */,
				A799459F2CD11EC500F4AF89 /* SearchTabView.swift in Sources */,
				A79945912CD0DA0000F4AF89 /* SortOderEnum.swift in Sources */,
				A79945992CD110ED00F4AF89 /* CustomTextFieldView.swift in Sources */,
				A79945892CD0150B00F4AF89 /* ExchangeCoinEnum.swift in Sources */,
				A79945852CD012D500F4AF89 /* Message.swift in Sources */,
				A799456B2CD011B100F4AF89 /* PostDetailsView.swift in Sources */,
				A74175002CE10B4F007DA925 /* SampleData.swift in Sources */,
				A799457F2CD012B600F4AF89 /* Post.swift in Sources */,
				A74175062CE36C16007DA925 /* PostFormView.swift in Sources */,
				A79945B52CD27A9800F4AF89 /* LoadingSpinnerView.swift in Sources */,
				A74175142CE3851A007DA925 /* ReviewRow.swift in Sources */,
				A741750C2CE384AC007DA925 /* ProfileHeaderView.swift in Sources */,
				A741750A2CE37E53007DA925 /* UsersViewModel.swift in Sources */,
				A79945672CD0119A00F4AF89 /* AddPostTabView.swift in Sources */,
				A799458D2CD0D78600F4AF89 /* AuthViewModel.swift in Sources */,
				A79945102CCFB02600F4AF89 /* GoGig.swift in Sources */,
			);
			runOnlyForDeploymentPostprocessing = 0;
		};
/* End PBXSourcesBuildPhase section */

/* Begin XCBuildConfiguration section */
		A799451A2CCFB02800F4AF89 /* Debug */ = {
			isa = XCBuildConfiguration;
			buildSettings = {
				ALWAYS_SEARCH_USER_PATHS = NO;
				ASSETCATALOG_COMPILER_GENERATE_SWIFT_ASSET_SYMBOL_EXTENSIONS = YES;
				CLANG_ANALYZER_NONNULL = YES;
				CLANG_ANALYZER_NUMBER_OBJECT_CONVERSION = YES_AGGRESSIVE;
				CLANG_CXX_LANGUAGE_STANDARD = "gnu++20";
				CLANG_ENABLE_MODULES = YES;
				CLANG_ENABLE_OBJC_ARC = YES;
				CLANG_ENABLE_OBJC_WEAK = YES;
				CLANG_WARN_BLOCK_CAPTURE_AUTORELEASING = YES;
				CLANG_WARN_BOOL_CONVERSION = YES;
				CLANG_WARN_COMMA = YES;
				CLANG_WARN_CONSTANT_CONVERSION = YES;
				CLANG_WARN_DEPRECATED_OBJC_IMPLEMENTATIONS = YES;
				CLANG_WARN_DIRECT_OBJC_ISA_USAGE = YES_ERROR;
				CLANG_WARN_DOCUMENTATION_COMMENTS = YES;
				CLANG_WARN_EMPTY_BODY = YES;
				CLANG_WARN_ENUM_CONVERSION = YES;
				CLANG_WARN_INFINITE_RECURSION = YES;
				CLANG_WARN_INT_CONVERSION = YES;
				CLANG_WARN_NON_LITERAL_NULL_CONVERSION = YES;
				CLANG_WARN_OBJC_IMPLICIT_RETAIN_SELF = YES;
				CLANG_WARN_OBJC_LITERAL_CONVERSION = YES;
				CLANG_WARN_OBJC_ROOT_CLASS = YES_ERROR;
				CLANG_WARN_QUOTED_INCLUDE_IN_FRAMEWORK_HEADER = YES;
				CLANG_WARN_RANGE_LOOP_ANALYSIS = YES;
				CLANG_WARN_STRICT_PROTOTYPES = YES;
				CLANG_WARN_SUSPICIOUS_MOVE = YES;
				CLANG_WARN_UNGUARDED_AVAILABILITY = YES_AGGRESSIVE;
				CLANG_WARN_UNREACHABLE_CODE = YES;
				CLANG_WARN__DUPLICATE_METHOD_MATCH = YES;
				COPY_PHASE_STRIP = NO;
				DEBUG_INFORMATION_FORMAT = dwarf;
				ENABLE_STRICT_OBJC_MSGSEND = YES;
				ENABLE_TESTABILITY = YES;
				ENABLE_USER_SCRIPT_SANDBOXING = YES;
				GCC_C_LANGUAGE_STANDARD = gnu17;
				GCC_DYNAMIC_NO_PIC = NO;
				GCC_NO_COMMON_BLOCKS = YES;
				GCC_OPTIMIZATION_LEVEL = 0;
				GCC_PREPROCESSOR_DEFINITIONS = (
					"DEBUG=1",
					"$(inherited)",
				);
				GCC_WARN_64_TO_32_BIT_CONVERSION = YES;
				GCC_WARN_ABOUT_RETURN_TYPE = YES_ERROR;
				GCC_WARN_UNDECLARED_SELECTOR = YES;
				GCC_WARN_UNINITIALIZED_AUTOS = YES_AGGRESSIVE;
				GCC_WARN_UNUSED_FUNCTION = YES;
				GCC_WARN_UNUSED_VARIABLE = YES;
				IPHONEOS_DEPLOYMENT_TARGET = 17.2;
				LOCALIZATION_PREFERS_STRING_CATALOGS = YES;
				MTL_ENABLE_DEBUG_INFO = INCLUDE_SOURCE;
				MTL_FAST_MATH = YES;
				ONLY_ACTIVE_ARCH = YES;
				SDKROOT = iphoneos;
				SWIFT_ACTIVE_COMPILATION_CONDITIONS = "DEBUG $(inherited)";
				SWIFT_OPTIMIZATION_LEVEL = "-Onone";
			};
			name = Debug;
		};
		A799451B2CCFB02800F4AF89 /* Release */ = {
			isa = XCBuildConfiguration;
			buildSettings = {
				ALWAYS_SEARCH_USER_PATHS = NO;
				ASSETCATALOG_COMPILER_GENERATE_SWIFT_ASSET_SYMBOL_EXTENSIONS = YES;
				CLANG_ANALYZER_NONNULL = YES;
				CLANG_ANALYZER_NUMBER_OBJECT_CONVERSION = YES_AGGRESSIVE;
				CLANG_CXX_LANGUAGE_STANDARD = "gnu++20";
				CLANG_ENABLE_MODULES = YES;
				CLANG_ENABLE_OBJC_ARC = YES;
				CLANG_ENABLE_OBJC_WEAK = YES;
				CLANG_WARN_BLOCK_CAPTURE_AUTORELEASING = YES;
				CLANG_WARN_BOOL_CONVERSION = YES;
				CLANG_WARN_COMMA = YES;
				CLANG_WARN_CONSTANT_CONVERSION = YES;
				CLANG_WARN_DEPRECATED_OBJC_IMPLEMENTATIONS = YES;
				CLANG_WARN_DIRECT_OBJC_ISA_USAGE = YES_ERROR;
				CLANG_WARN_DOCUMENTATION_COMMENTS = YES;
				CLANG_WARN_EMPTY_BODY = YES;
				CLANG_WARN_ENUM_CONVERSION = YES;
				CLANG_WARN_INFINITE_RECURSION = YES;
				CLANG_WARN_INT_CONVERSION = YES;
				CLANG_WARN_NON_LITERAL_NULL_CONVERSION = YES;
				CLANG_WARN_OBJC_IMPLICIT_RETAIN_SELF = YES;
				CLANG_WARN_OBJC_LITERAL_CONVERSION = YES;
				CLANG_WARN_OBJC_ROOT_CLASS = YES_ERROR;
				CLANG_WARN_QUOTED_INCLUDE_IN_FRAMEWORK_HEADER = YES;
				CLANG_WARN_RANGE_LOOP_ANALYSIS = YES;
				CLANG_WARN_STRICT_PROTOTYPES = YES;
				CLANG_WARN_SUSPICIOUS_MOVE = YES;
				CLANG_WARN_UNGUARDED_AVAILABILITY = YES_AGGRESSIVE;
				CLANG_WARN_UNREACHABLE_CODE = YES;
				CLANG_WARN__DUPLICATE_METHOD_MATCH = YES;
				COPY_PHASE_STRIP = NO;
				DEBUG_INFORMATION_FORMAT = "dwarf-with-dsym";
				ENABLE_NS_ASSERTIONS = NO;
				ENABLE_STRICT_OBJC_MSGSEND = YES;
				ENABLE_USER_SCRIPT_SANDBOXING = YES;
				GCC_C_LANGUAGE_STANDARD = gnu17;
				GCC_NO_COMMON_BLOCKS = YES;
				GCC_WARN_64_TO_32_BIT_CONVERSION = YES;
				GCC_WARN_ABOUT_RETURN_TYPE = YES_ERROR;
				GCC_WARN_UNDECLARED_SELECTOR = YES;
				GCC_WARN_UNINITIALIZED_AUTOS = YES_AGGRESSIVE;
				GCC_WARN_UNUSED_FUNCTION = YES;
				GCC_WARN_UNUSED_VARIABLE = YES;
				IPHONEOS_DEPLOYMENT_TARGET = 17.2;
				LOCALIZATION_PREFERS_STRING_CATALOGS = YES;
				MTL_ENABLE_DEBUG_INFO = NO;
				MTL_FAST_MATH = YES;
				SDKROOT = iphoneos;
				SWIFT_COMPILATION_MODE = wholemodule;
				VALIDATE_PRODUCT = YES;
			};
			name = Release;
		};
		A799451D2CCFB02800F4AF89 /* Debug */ = {
			isa = XCBuildConfiguration;
			buildSettings = {
				ASSETCATALOG_COMPILER_APPICON_NAME = AppIcon;
				ASSETCATALOG_COMPILER_GLOBAL_ACCENT_COLOR_NAME = AccentColor;
				CODE_SIGN_STYLE = Automatic;
				CURRENT_PROJECT_VERSION = 1;
				DEVELOPMENT_ASSET_PATHS = "\"GoGig/Preview Content\"";
				ENABLE_PREVIEWS = YES;
				GENERATE_INFOPLIST_FILE = YES;
				INFOPLIST_FILE = "GoGig--Info.plist";
				INFOPLIST_KEY_CFBundleDisplayName = "GoGig ";
				INFOPLIST_KEY_LSApplicationCategoryType = "";
				INFOPLIST_KEY_UIApplicationSceneManifest_Generation = YES;
				INFOPLIST_KEY_UIApplicationSupportsIndirectInputEvents = YES;
				INFOPLIST_KEY_UILaunchScreen_Generation = YES;
				INFOPLIST_KEY_UISupportedInterfaceOrientations_iPad = "UIInterfaceOrientationPortrait UIInterfaceOrientationPortraitUpsideDown UIInterfaceOrientationLandscapeLeft UIInterfaceOrientationLandscapeRight";
				INFOPLIST_KEY_UISupportedInterfaceOrientations_iPhone = "UIInterfaceOrientationPortrait UIInterfaceOrientationLandscapeLeft UIInterfaceOrientationLandscapeRight";
				LD_RUNPATH_SEARCH_PATHS = (
					"$(inherited)",
					"@executable_path/Frameworks",
				);
				MARKETING_VERSION = 1.0;
				PRODUCT_BUNDLE_IDENTIFIER = "Lisis-Syntax.GoGig";
				PRODUCT_NAME = "GoGig ";
				SWIFT_EMIT_LOC_STRINGS = YES;
				SWIFT_VERSION = 5.0;
				TARGETED_DEVICE_FAMILY = "1,2";
			};
			name = Debug;
		};
		A799451E2CCFB02800F4AF89 /* Release */ = {
			isa = XCBuildConfiguration;
			buildSettings = {
				ASSETCATALOG_COMPILER_APPICON_NAME = AppIcon;
				ASSETCATALOG_COMPILER_GLOBAL_ACCENT_COLOR_NAME = AccentColor;
				CODE_SIGN_STYLE = Automatic;
				CURRENT_PROJECT_VERSION = 1;
				DEVELOPMENT_ASSET_PATHS = "\"GoGig/Preview Content\"";
				ENABLE_PREVIEWS = YES;
				GENERATE_INFOPLIST_FILE = YES;
				INFOPLIST_FILE = "GoGig--Info.plist";
				INFOPLIST_KEY_CFBundleDisplayName = "GoGig ";
				INFOPLIST_KEY_LSApplicationCategoryType = "";
				INFOPLIST_KEY_UIApplicationSceneManifest_Generation = YES;
				INFOPLIST_KEY_UIApplicationSupportsIndirectInputEvents = YES;
				INFOPLIST_KEY_UILaunchScreen_Generation = YES;
				INFOPLIST_KEY_UISupportedInterfaceOrientations_iPad = "UIInterfaceOrientationPortrait UIInterfaceOrientationPortraitUpsideDown UIInterfaceOrientationLandscapeLeft UIInterfaceOrientationLandscapeRight";
				INFOPLIST_KEY_UISupportedInterfaceOrientations_iPhone = "UIInterfaceOrientationPortrait UIInterfaceOrientationLandscapeLeft UIInterfaceOrientationLandscapeRight";
				LD_RUNPATH_SEARCH_PATHS = (
					"$(inherited)",
					"@executable_path/Frameworks",
				);
				MARKETING_VERSION = 1.0;
				PRODUCT_BUNDLE_IDENTIFIER = "Lisis-Syntax.GoGig";
				PRODUCT_NAME = "GoGig ";
				SWIFT_EMIT_LOC_STRINGS = YES;
				SWIFT_VERSION = 5.0;
				TARGETED_DEVICE_FAMILY = "1,2";
			};
			name = Release;
		};
/* End XCBuildConfiguration section */

/* Begin XCConfigurationList section */
		A79945072CCFB02600F4AF89 /* Build configuration list for PBXProject "GoGig " */ = {
			isa = XCConfigurationList;
			buildConfigurations = (
				A799451A2CCFB02800F4AF89 /* Debug */,
				A799451B2CCFB02800F4AF89 /* Release */,
			);
			defaultConfigurationIsVisible = 0;
			defaultConfigurationName = Release;
		};
		A799451C2CCFB02800F4AF89 /* Build configuration list for PBXNativeTarget "GoGig " */ = {
			isa = XCConfigurationList;
			buildConfigurations = (
				A799451D2CCFB02800F4AF89 /* Debug */,
				A799451E2CCFB02800F4AF89 /* Release */,
			);
			defaultConfigurationIsVisible = 0;
			defaultConfigurationName = Release;
		};
/* End XCConfigurationList section */

/* Begin XCRemoteSwiftPackageReference section */
		A7A8B7772CF9DA0100A14226 /* XCRemoteSwiftPackageReference "firebase-ios-sdk" */ = {
			isa = XCRemoteSwiftPackageReference;
			repositoryURL = "https://github.com/firebase/firebase-ios-sdk";
			requirement = {
				kind = upToNextMajorVersion;
				minimumVersion = 11.5.0;
			};
		};
		A7D1F0422CFC9A5300A6800A /* XCRemoteSwiftPackageReference "ios-places-sdk" */ = {
			isa = XCRemoteSwiftPackageReference;
			repositoryURL = "https://github.com/googlemaps/ios-places-sdk";
			requirement = {
				kind = upToNextMajorVersion;
				minimumVersion = 9.2.0;
			};
		};
/* End XCRemoteSwiftPackageReference section */

/* Begin XCSwiftPackageProductDependency section */
		A7A8B7782CF9DA0100A14226 /* FirebaseAnalytics */ = {
			isa = XCSwiftPackageProductDependency;
			package = A7A8B7772CF9DA0100A14226 /* XCRemoteSwiftPackageReference "firebase-ios-sdk" */;
			productName = FirebaseAnalytics;
		};
		A7A8B77A2CF9DA0100A14226 /* FirebaseAnalyticsOnDeviceConversion */ = {
			isa = XCSwiftPackageProductDependency;
			package = A7A8B7772CF9DA0100A14226 /* XCRemoteSwiftPackageReference "firebase-ios-sdk" */;
			productName = FirebaseAnalyticsOnDeviceConversion;
		};
		A7A8B77C2CF9DA0100A14226 /* FirebaseAnalyticsWithoutAdIdSupport */ = {
			isa = XCSwiftPackageProductDependency;
			package = A7A8B7772CF9DA0100A14226 /* XCRemoteSwiftPackageReference "firebase-ios-sdk" */;
			productName = FirebaseAnalyticsWithoutAdIdSupport;
		};
		A7A8B77E2CF9DA0100A14226 /* FirebaseAppCheck */ = {
			isa = XCSwiftPackageProductDependency;
			package = A7A8B7772CF9DA0100A14226 /* XCRemoteSwiftPackageReference "firebase-ios-sdk" */;
			productName = FirebaseAppCheck;
		};
		A7A8B7802CF9DA0100A14226 /* FirebaseAppDistribution-Beta */ = {
			isa = XCSwiftPackageProductDependency;
			package = A7A8B7772CF9DA0100A14226 /* XCRemoteSwiftPackageReference "firebase-ios-sdk" */;
			productName = "FirebaseAppDistribution-Beta";
		};
		A7A8B7822CF9DA0100A14226 /* FirebaseAuth */ = {
			isa = XCSwiftPackageProductDependency;
			package = A7A8B7772CF9DA0100A14226 /* XCRemoteSwiftPackageReference "firebase-ios-sdk" */;
			productName = FirebaseAuth;
		};
		A7A8B7842CF9DA0100A14226 /* FirebaseAuthCombine-Community */ = {
			isa = XCSwiftPackageProductDependency;
			package = A7A8B7772CF9DA0100A14226 /* XCRemoteSwiftPackageReference "firebase-ios-sdk" */;
			productName = "FirebaseAuthCombine-Community";
		};
		A7A8B7862CF9DA0100A14226 /* FirebaseCore */ = {
			isa = XCSwiftPackageProductDependency;
			package = A7A8B7772CF9DA0100A14226 /* XCRemoteSwiftPackageReference "firebase-ios-sdk" */;
			productName = FirebaseCore;
		};
		A7A8B7882CF9DA0100A14226 /* FirebaseCrashlytics */ = {
			isa = XCSwiftPackageProductDependency;
			package = A7A8B7772CF9DA0100A14226 /* XCRemoteSwiftPackageReference "firebase-ios-sdk" */;
			productName = FirebaseCrashlytics;
		};
		A7A8B78A2CF9DA0100A14226 /* FirebaseDatabase */ = {
			isa = XCSwiftPackageProductDependency;
			package = A7A8B7772CF9DA0100A14226 /* XCRemoteSwiftPackageReference "firebase-ios-sdk" */;
			productName = FirebaseDatabase;
		};
		A7A8B78C2CF9DA0100A14226 /* FirebaseDynamicLinks */ = {
			isa = XCSwiftPackageProductDependency;
			package = A7A8B7772CF9DA0100A14226 /* XCRemoteSwiftPackageReference "firebase-ios-sdk" */;
			productName = FirebaseDynamicLinks;
		};
		A7A8B78E2CF9DA0100A14226 /* FirebaseFirestore */ = {
			isa = XCSwiftPackageProductDependency;
			package = A7A8B7772CF9DA0100A14226 /* XCRemoteSwiftPackageReference "firebase-ios-sdk" */;
			productName = FirebaseFirestore;
		};
		A7A8B7902CF9DA0100A14226 /* FirebaseFirestoreCombine-Community */ = {
			isa = XCSwiftPackageProductDependency;
			package = A7A8B7772CF9DA0100A14226 /* XCRemoteSwiftPackageReference "firebase-ios-sdk" */;
			productName = "FirebaseFirestoreCombine-Community";
		};
		A7A8B7922CF9DA0100A14226 /* FirebaseFunctions */ = {
			isa = XCSwiftPackageProductDependency;
			package = A7A8B7772CF9DA0100A14226 /* XCRemoteSwiftPackageReference "firebase-ios-sdk" */;
			productName = FirebaseFunctions;
		};
		A7A8B7942CF9DA0100A14226 /* FirebaseFunctionsCombine-Community */ = {
			isa = XCSwiftPackageProductDependency;
			package = A7A8B7772CF9DA0100A14226 /* XCRemoteSwiftPackageReference "firebase-ios-sdk" */;
			productName = "FirebaseFunctionsCombine-Community";
		};
		A7A8B7962CF9DA0100A14226 /* FirebaseInAppMessaging-Beta */ = {
			isa = XCSwiftPackageProductDependency;
			package = A7A8B7772CF9DA0100A14226 /* XCRemoteSwiftPackageReference "firebase-ios-sdk" */;
			productName = "FirebaseInAppMessaging-Beta";
		};
		A7A8B7982CF9DA0100A14226 /* FirebaseInstallations */ = {
			isa = XCSwiftPackageProductDependency;
			package = A7A8B7772CF9DA0100A14226 /* XCRemoteSwiftPackageReference "firebase-ios-sdk" */;
			productName = FirebaseInstallations;
		};
		A7A8B79A2CF9DA0100A14226 /* FirebaseMLModelDownloader */ = {
			isa = XCSwiftPackageProductDependency;
			package = A7A8B7772CF9DA0100A14226 /* XCRemoteSwiftPackageReference "firebase-ios-sdk" */;
			productName = FirebaseMLModelDownloader;
		};
		A7A8B79C2CF9DA0100A14226 /* FirebaseMessaging */ = {
			isa = XCSwiftPackageProductDependency;
			package = A7A8B7772CF9DA0100A14226 /* XCRemoteSwiftPackageReference "firebase-ios-sdk" */;
			productName = FirebaseMessaging;
		};
		A7A8B79E2CF9DA0100A14226 /* FirebasePerformance */ = {
			isa = XCSwiftPackageProductDependency;
			package = A7A8B7772CF9DA0100A14226 /* XCRemoteSwiftPackageReference "firebase-ios-sdk" */;
			productName = FirebasePerformance;
		};
		A7A8B7A02CF9DA0100A14226 /* FirebaseRemoteConfig */ = {
			isa = XCSwiftPackageProductDependency;
			package = A7A8B7772CF9DA0100A14226 /* XCRemoteSwiftPackageReference "firebase-ios-sdk" */;
			productName = FirebaseRemoteConfig;
		};
		A7A8B7A22CF9DA0100A14226 /* FirebaseStorage */ = {
			isa = XCSwiftPackageProductDependency;
			package = A7A8B7772CF9DA0100A14226 /* XCRemoteSwiftPackageReference "firebase-ios-sdk" */;
			productName = FirebaseStorage;
		};
		A7A8B7A42CF9DA0100A14226 /* FirebaseStorageCombine-Community */ = {
			isa = XCSwiftPackageProductDependency;
			package = A7A8B7772CF9DA0100A14226 /* XCRemoteSwiftPackageReference "firebase-ios-sdk" */;
			productName = "FirebaseStorageCombine-Community";
		};
		A7A8B7A62CF9DA0100A14226 /* FirebaseVertexAI */ = {
			isa = XCSwiftPackageProductDependency;
			package = A7A8B7772CF9DA0100A14226 /* XCRemoteSwiftPackageReference "firebase-ios-sdk" */;
			productName = FirebaseVertexAI;
		};
		A7D1F0432CFC9A5300A6800A /* GooglePlaces */ = {
			isa = XCSwiftPackageProductDependency;
			package = A7D1F0422CFC9A5300A6800A /* XCRemoteSwiftPackageReference "ios-places-sdk" */;
			productName = GooglePlaces;
		};
		A7D1F0452CFC9A5300A6800A /* GooglePlacesSwift */ = {
			isa = XCSwiftPackageProductDependency;
			package = A7D1F0422CFC9A5300A6800A /* XCRemoteSwiftPackageReference "ios-places-sdk" */;
			productName = GooglePlacesSwift;
		};
/* End XCSwiftPackageProductDependency section */
	};
	rootObject = A79945042CCFB02600F4AF89 /* Project object */;
}
